// !$*UTF8*$!
{
	archiveVersion = 1;
	classes = {
	};
	objectVersion = 56;
	objects = {

/* Begin PBXBuildFile section */
		9E0A87AB2BF60513004DDFA0 /* AddAdvertiseView.swift in Sources */ = {isa = PBXBuildFile; fileRef = 9E0A87AA2BF60513004DDFA0 /* AddAdvertiseView.swift */; };
		9E0A87AF2BF6078A004DDFA0 /* AddAdvertiseCollectionViewCell.xib in Resources */ = {isa = PBXBuildFile; fileRef = 9E0A87AE2BF6078A004DDFA0 /* AddAdvertiseCollectionViewCell.xib */; };
		9E0A87B02BF6078A004DDFA0 /* AddAdvertiseCollectionViewCell.swift in Sources */ = {isa = PBXBuildFile; fileRef = 9E0A87AD2BF6078A004DDFA0 /* AddAdvertiseCollectionViewCell.swift */; };
		9E1C1F092BE39EA6005C333F /* WebViewController.swift in Sources */ = {isa = PBXBuildFile; fileRef = 9E1C1F082BE39EA6005C333F /* WebViewController.swift */; };
		9E283DFA2BCCFA1F00F8E87A /* AppDelegate.swift in Sources */ = {isa = PBXBuildFile; fileRef = 9E283DF92BCCFA1F00F8E87A /* AppDelegate.swift */; };
		9E283DFC2BCCFA1F00F8E87A /* SceneDelegate.swift in Sources */ = {isa = PBXBuildFile; fileRef = 9E283DFB2BCCFA1F00F8E87A /* SceneDelegate.swift */; };
		9E283DFE2BCCFA1F00F8E87A /* ViewController.swift in Sources */ = {isa = PBXBuildFile; fileRef = 9E283DFD2BCCFA1F00F8E87A /* ViewController.swift */; };
		9E283E012BCCFA1F00F8E87A /* Main.storyboard in Resources */ = {isa = PBXBuildFile; fileRef = 9E283DFF2BCCFA1F00F8E87A /* Main.storyboard */; };
		9E283E032BCCFA2100F8E87A /* Assets.xcassets in Resources */ = {isa = PBXBuildFile; fileRef = 9E283E022BCCFA2100F8E87A /* Assets.xcassets */; };
		9E283E062BCCFA2100F8E87A /* LaunchScreen.storyboard in Resources */ = {isa = PBXBuildFile; fileRef = 9E283E042BCCFA2100F8E87A /* LaunchScreen.storyboard */; };
		9E4944632C118A99006F90EF /* CaptchaSwiftViewController.swift in Sources */ = {isa = PBXBuildFile; fileRef = 9E4944622C118A99006F90EF /* CaptchaSwiftViewController.swift */; };
		9E700F7E2C00532100FECEBD /* PageViewMenuViewController.swift in Sources */ = {isa = PBXBuildFile; fileRef = 9E700F7C2C00532100FECEBD /* PageViewMenuViewController.swift */; };
		9E700F7F2C00532100FECEBD /* PageViewMenuViewController.xib in Resources */ = {isa = PBXBuildFile; fileRef = 9E700F7D2C00532100FECEBD /* PageViewMenuViewController.xib */; };
		9E700F812C00542500FECEBD /* MenuCollectionCell.xib in Resources */ = {isa = PBXBuildFile; fileRef = 9E700F802C00542500FECEBD /* MenuCollectionCell.xib */; };
		9E9151722BEDE65D00ACBC7D /* NewViewController.swift in Sources */ = {isa = PBXBuildFile; fileRef = 9E9151702BEDE65D00ACBC7D /* NewViewController.swift */; };
		9E9151732BEDE65D00ACBC7D /* NewViewController.xib in Resources */ = {isa = PBXBuildFile; fileRef = 9E9151712BEDE65D00ACBC7D /* NewViewController.xib */; };
		9E9151752BEE08B900ACBC7D /* TextFieldNumberCustom.swift in Sources */ = {isa = PBXBuildFile; fileRef = 9E9151742BEE08B900ACBC7D /* TextFieldNumberCustom.swift */; };
		9E9151792BEE3D0400ACBC7D /* AdvertiseViewController.swift in Sources */ = {isa = PBXBuildFile; fileRef = 9E9151772BEE3D0400ACBC7D /* AdvertiseViewController.swift */; };
		9E91517A2BEE3D0400ACBC7D /* AdvertiseViewController.xib in Resources */ = {isa = PBXBuildFile; fileRef = 9E9151782BEE3D0400ACBC7D /* AdvertiseViewController.xib */; };
		9E9151812BF1E8FC00ACBC7D /* AdvertisingView.swift in Sources */ = {isa = PBXBuildFile; fileRef = 9E9151802BF1E8FC00ACBC7D /* AdvertisingView.swift */; };
		9E9151832BF1E92100ACBC7D /* AdvertisingView.xib in Resources */ = {isa = PBXBuildFile; fileRef = 9E9151822BF1E92100ACBC7D /* AdvertisingView.xib */; };
		9EE1F6CC2C80A9C5002215A4 /* CustomWebViewViewController.swift in Sources */ = {isa = PBXBuildFile; fileRef = 9EE1F6CA2C80A9C5002215A4 /* CustomWebViewViewController.swift */; };
		9EE1F6CD2C80A9C5002215A4 /* CustomWebViewViewController.xib in Resources */ = {isa = PBXBuildFile; fileRef = 9EE1F6CB2C80A9C5002215A4 /* CustomWebViewViewController.xib */; };
/* End PBXBuildFile section */

/* Begin PBXFileReference section */
		9E0A87AA2BF60513004DDFA0 /* AddAdvertiseView.swift */ = {isa = PBXFileReference; lastKnownFileType = sourcecode.swift; path = AddAdvertiseView.swift; sourceTree = "<group>"; };
		9E0A87AD2BF6078A004DDFA0 /* AddAdvertiseCollectionViewCell.swift */ = {isa = PBXFileReference; lastKnownFileType = sourcecode.swift; path = AddAdvertiseCollectionViewCell.swift; sourceTree = "<group>"; };
		9E0A87AE2BF6078A004DDFA0 /* AddAdvertiseCollectionViewCell.xib */ = {isa = PBXFileReference; lastKnownFileType = file.xib; path = AddAdvertiseCollectionViewCell.xib; sourceTree = "<group>"; };
		9E1C1F082BE39EA6005C333F /* WebViewController.swift */ = {isa = PBXFileReference; lastKnownFileType = sourcecode.swift; path = WebViewController.swift; sourceTree = "<group>"; };
		9E283DF62BCCFA1F00F8E87A /* WebViewTestJS.app */ = {isa = PBXFileReference; explicitFileType = wrapper.application; includeInIndex = 0; path = WebViewTestJS.app; sourceTree = BUILT_PRODUCTS_DIR; };
		9E283DF92BCCFA1F00F8E87A /* AppDelegate.swift */ = {isa = PBXFileReference; lastKnownFileType = sourcecode.swift; path = AppDelegate.swift; sourceTree = "<group>"; };
		9E283DFB2BCCFA1F00F8E87A /* SceneDelegate.swift */ = {isa = PBXFileReference; lastKnownFileType = sourcecode.swift; path = SceneDelegate.swift; sourceTree = "<group>"; };
		9E283DFD2BCCFA1F00F8E87A /* ViewController.swift */ = {isa = PBXFileReference; lastKnownFileType = sourcecode.swift; path = ViewController.swift; sourceTree = "<group>"; };
		9E283E002BCCFA1F00F8E87A /* Base */ = {isa = PBXFileReference; lastKnownFileType = file.storyboard; name = Base; path = Base.lproj/Main.storyboard; sourceTree = "<group>"; };
		9E283E022BCCFA2100F8E87A /* Assets.xcassets */ = {isa = PBXFileReference; lastKnownFileType = folder.assetcatalog; path = Assets.xcassets; sourceTree = "<group>"; };
		9E283E052BCCFA2100F8E87A /* Base */ = {isa = PBXFileReference; lastKnownFileType = file.storyboard; name = Base; path = Base.lproj/LaunchScreen.storyboard; sourceTree = "<group>"; };
		9E283E072BCCFA2100F8E87A /* Info.plist */ = {isa = PBXFileReference; lastKnownFileType = text.plist.xml; path = Info.plist; sourceTree = "<group>"; };
		9E4944622C118A99006F90EF /* CaptchaSwiftViewController.swift */ = {isa = PBXFileReference; lastKnownFileType = sourcecode.swift; path = CaptchaSwiftViewController.swift; sourceTree = "<group>"; };
		9E700F7C2C00532100FECEBD /* PageViewMenuViewController.swift */ = {isa = PBXFileReference; lastKnownFileType = sourcecode.swift; path = PageViewMenuViewController.swift; sourceTree = "<group>"; };
		9E700F7D2C00532100FECEBD /* PageViewMenuViewController.xib */ = {isa = PBXFileReference; lastKnownFileType = file.xib; path = PageViewMenuViewController.xib; sourceTree = "<group>"; };
		9E700F802C00542500FECEBD /* MenuCollectionCell.xib */ = {isa = PBXFileReference; lastKnownFileType = file.xib; path = MenuCollectionCell.xib; sourceTree = "<group>"; };
		9E9151702BEDE65D00ACBC7D /* NewViewController.swift */ = {isa = PBXFileReference; lastKnownFileType = sourcecode.swift; path = NewViewController.swift; sourceTree = "<group>"; };
		9E9151712BEDE65D00ACBC7D /* NewViewController.xib */ = {isa = PBXFileReference; lastKnownFileType = file.xib; path = NewViewController.xib; sourceTree = "<group>"; };
		9E9151742BEE08B900ACBC7D /* TextFieldNumberCustom.swift */ = {isa = PBXFileReference; lastKnownFileType = sourcecode.swift; path = TextFieldNumberCustom.swift; sourceTree = "<group>"; };
		9E9151772BEE3D0400ACBC7D /* AdvertiseViewController.swift */ = {isa = PBXFileReference; lastKnownFileType = sourcecode.swift; path = AdvertiseViewController.swift; sourceTree = "<group>"; };
		9E9151782BEE3D0400ACBC7D /* AdvertiseViewController.xib */ = {isa = PBXFileReference; lastKnownFileType = file.xib; path = AdvertiseViewController.xib; sourceTree = "<group>"; };
		9E9151802BF1E8FC00ACBC7D /* AdvertisingView.swift */ = {isa = PBXFileReference; lastKnownFileType = sourcecode.swift; path = AdvertisingView.swift; sourceTree = "<group>"; };
		9E9151822BF1E92100ACBC7D /* AdvertisingView.xib */ = {isa = PBXFileReference; lastKnownFileType = file.xib; path = AdvertisingView.xib; sourceTree = "<group>"; };
		9EE1F6CA2C80A9C5002215A4 /* CustomWebViewViewController.swift */ = {isa = PBXFileReference; lastKnownFileType = sourcecode.swift; path = CustomWebViewViewController.swift; sourceTree = "<group>"; };
		9EE1F6CB2C80A9C5002215A4 /* CustomWebViewViewController.xib */ = {isa = PBXFileReference; lastKnownFileType = file.xib; path = CustomWebViewViewController.xib; sourceTree = "<group>"; };
/* End PBXFileReference section */

/* Begin PBXFrameworksBuildPhase section */
		9E283DF32BCCFA1E00F8E87A /* Frameworks */ = {
			isa = PBXFrameworksBuildPhase;
			buildActionMask = 2147483647;
			files = (
			);
			runOnlyForDeploymentPostprocessing = 0;
		};
/* End PBXFrameworksBuildPhase section */

/* Begin PBXGroup section */
		9E0A87AC2BF60768004DDFA0 /* CellCollection */ = {
			isa = PBXGroup;
			children = (
				9E0A87AD2BF6078A004DDFA0 /* AddAdvertiseCollectionViewCell.swift */,
				9E0A87AE2BF6078A004DDFA0 /* AddAdvertiseCollectionViewCell.xib */,
			);
			path = CellCollection;
			sourceTree = "<group>";
		};
		9E283DED2BCCFA1E00F8E87A = {
			isa = PBXGroup;
			children = (
				9EE1F6CA2C80A9C5002215A4 /* CustomWebViewViewController.swift */,
				9EE1F6CB2C80A9C5002215A4 /* CustomWebViewViewController.xib */,
				9E283DF82BCCFA1F00F8E87A /* WebViewTestJS */,
				9E283DF72BCCFA1F00F8E87A /* Products */,
			);
			sourceTree = "<group>";
		};
		9E283DF72BCCFA1F00F8E87A /* Products */ = {
			isa = PBXGroup;
			children = (
				9E283DF62BCCFA1F00F8E87A /* WebViewTestJS.app */,
			);
			name = Products;
			sourceTree = "<group>";
		};
		9E283DF82BCCFA1F00F8E87A /* WebViewTestJS */ = {
			isa = PBXGroup;
			children = (
				9E700F792C00525200FECEBD /* PageViewController */,
				9E9151762BEE3CE800ACBC7D /* AdvertiseScreen */,
				9E91516F2BEDE63B00ACBC7D /* OTP Like Field */,
				9E283DF92BCCFA1F00F8E87A /* AppDelegate.swift */,
				9E283DFB2BCCFA1F00F8E87A /* SceneDelegate.swift */,
				9E283DFD2BCCFA1F00F8E87A /* ViewController.swift */,
				9E283DFF2BCCFA1F00F8E87A /* Main.storyboard */,
				9E283E022BCCFA2100F8E87A /* Assets.xcassets */,
				9E283E042BCCFA2100F8E87A /* LaunchScreen.storyboard */,
				9E283E072BCCFA2100F8E87A /* Info.plist */,
				9E1C1F082BE39EA6005C333F /* WebViewController.swift */,
				9E4944622C118A99006F90EF /* CaptchaSwiftViewController.swift */,
			);
			path = WebViewTestJS;
			sourceTree = "<group>";
		};
		9E700F792C00525200FECEBD /* PageViewController */ = {
			isa = PBXGroup;
			children = (
				9E700F7C2C00532100FECEBD /* PageViewMenuViewController.swift */,
				9E700F7D2C00532100FECEBD /* PageViewMenuViewController.xib */,
				9E700F802C00542500FECEBD /* MenuCollectionCell.xib */,
			);
			path = PageViewController;
			sourceTree = "<group>";
		};
		9E91516F2BEDE63B00ACBC7D /* OTP Like Field */ = {
			isa = PBXGroup;
			children = (
				9E9151702BEDE65D00ACBC7D /* NewViewController.swift */,
				9E9151712BEDE65D00ACBC7D /* NewViewController.xib */,
				9E9151742BEE08B900ACBC7D /* TextFieldNumberCustom.swift */,
			);
			path = "OTP Like Field";
			sourceTree = "<group>";
		};
		9E9151762BEE3CE800ACBC7D /* AdvertiseScreen */ = {
			isa = PBXGroup;
			children = (
				9E0A87AC2BF60768004DDFA0 /* CellCollection */,
				9E9151772BEE3D0400ACBC7D /* AdvertiseViewController.swift */,
				9E9151782BEE3D0400ACBC7D /* AdvertiseViewController.xib */,
				9E9151802BF1E8FC00ACBC7D /* AdvertisingView.swift */,
				9E9151822BF1E92100ACBC7D /* AdvertisingView.xib */,
				9E0A87AA2BF60513004DDFA0 /* AddAdvertiseView.swift */,
			);
			path = AdvertiseScreen;
			sourceTree = "<group>";
		};
/* End PBXGroup section */

/* Begin PBXNativeTarget section */
		9E283DF52BCCFA1E00F8E87A /* WebViewTestJS */ = {
			isa = PBXNativeTarget;
			buildConfigurationList = 9E283E0A2BCCFA2100F8E87A /* Build configuration list for PBXNativeTarget "WebViewTestJS" */;
			buildPhases = (
				9E283DF22BCCFA1E00F8E87A /* Sources */,
				9E283DF32BCCFA1E00F8E87A /* Frameworks */,
				9E283DF42BCCFA1E00F8E87A /* Resources */,
			);
			buildRules = (
			);
			dependencies = (
			);
			name = WebViewTestJS;
			productName = WebViewTestJS;
			productReference = 9E283DF62BCCFA1F00F8E87A /* WebViewTestJS.app */;
			productType = "com.apple.product-type.application";
		};
/* End PBXNativeTarget section */

/* Begin PBXProject section */
		9E283DEE2BCCFA1E00F8E87A /* Project object */ = {
			isa = PBXProject;
			attributes = {
				BuildIndependentTargetsInParallel = 1;
				LastSwiftUpdateCheck = 1430;
				LastUpgradeCheck = 1530;
				TargetAttributes = {
					9E283DF52BCCFA1E00F8E87A = {
						CreatedOnToolsVersion = 14.3;
					};
				};
			};
			buildConfigurationList = 9E283DF12BCCFA1E00F8E87A /* Build configuration list for PBXProject "WebViewTestJS" */;
			compatibilityVersion = "Xcode 14.0";
			developmentRegion = en;
			hasScannedForEncodings = 0;
			knownRegions = (
				en,
				Base,
			);
			mainGroup = 9E283DED2BCCFA1E00F8E87A;
			productRefGroup = 9E283DF72BCCFA1F00F8E87A /* Products */;
			projectDirPath = "";
			projectRoot = "";
			targets = (
				9E283DF52BCCFA1E00F8E87A /* WebViewTestJS */,
			);
		};
/* End PBXProject section */

/* Begin PBXResourcesBuildPhase section */
		9E283DF42BCCFA1E00F8E87A /* Resources */ = {
			isa = PBXResourcesBuildPhase;
			buildActionMask = 2147483647;
			files = (
				9E283E062BCCFA2100F8E87A /* LaunchScreen.storyboard in Resources */,
				9EE1F6CD2C80A9C5002215A4 /* CustomWebViewViewController.xib in Resources */,
				9E283E032BCCFA2100F8E87A /* Assets.xcassets in Resources */,
				9E91517A2BEE3D0400ACBC7D /* AdvertiseViewController.xib in Resources */,
				9E700F7F2C00532100FECEBD /* PageViewMenuViewController.xib in Resources */,
				9E0A87AF2BF6078A004DDFA0 /* AddAdvertiseCollectionViewCell.xib in Resources */,
				9E283E012BCCFA1F00F8E87A /* Main.storyboard in Resources */,
				9E700F812C00542500FECEBD /* MenuCollectionCell.xib in Resources */,
				9E9151732BEDE65D00ACBC7D /* NewViewController.xib in Resources */,
				9E9151832BF1E92100ACBC7D /* AdvertisingView.xib in Resources */,
			);
			runOnlyForDeploymentPostprocessing = 0;
		};
/* End PBXResourcesBuildPhase section */

/* Begin PBXSourcesBuildPhase section */
		9E283DF22BCCFA1E00F8E87A /* Sources */ = {
			isa = PBXSourcesBuildPhase;
			buildActionMask = 2147483647;
			files = (
				9E283DFE2BCCFA1F00F8E87A /* ViewController.swift in Sources */,
				9E9151752BEE08B900ACBC7D /* TextFieldNumberCustom.swift in Sources */,
				9E283DFA2BCCFA1F00F8E87A /* AppDelegate.swift in Sources */,
				9E9151722BEDE65D00ACBC7D /* NewViewController.swift in Sources */,
				9E0A87AB2BF60513004DDFA0 /* AddAdvertiseView.swift in Sources */,
				9E9151792BEE3D0400ACBC7D /* AdvertiseViewController.swift in Sources */,
				9EE1F6CC2C80A9C5002215A4 /* CustomWebViewViewController.swift in Sources */,
				9E4944632C118A99006F90EF /* CaptchaSwiftViewController.swift in Sources */,
				9E700F7E2C00532100FECEBD /* PageViewMenuViewController.swift in Sources */,
				9E283DFC2BCCFA1F00F8E87A /* SceneDelegate.swift in Sources */,
				9E9151812BF1E8FC00ACBC7D /* AdvertisingView.swift in Sources */,
				9E0A87B02BF6078A004DDFA0 /* AddAdvertiseCollectionViewCell.swift in Sources */,
				9E1C1F092BE39EA6005C333F /* WebViewController.swift in Sources */,
			);
			runOnlyForDeploymentPostprocessing = 0;
		};
/* End PBXSourcesBuildPhase section */

/* Begin PBXVariantGroup section */
		9E283DFF2BCCFA1F00F8E87A /* Main.storyboard */ = {
			isa = PBXVariantGroup;
			children = (
				9E283E002BCCFA1F00F8E87A /* Base */,
			);
			name = Main.storyboard;
			sourceTree = "<group>";
		};
		9E283E042BCCFA2100F8E87A /* LaunchScreen.storyboard */ = {
			isa = PBXVariantGroup;
			children = (
				9E283E052BCCFA2100F8E87A /* Base */,
			);
			name = LaunchScreen.storyboard;
			sourceTree = "<group>";
		};
/* End PBXVariantGroup section */

/* Begin XCBuildConfiguration section */
		9E283E082BCCFA2100F8E87A /* Debug */ = {
			isa = XCBuildConfiguration;
			buildSettings = {
				ALWAYS_SEARCH_USER_PATHS = NO;
				CLANG_ANALYZER_NONNULL = YES;
				CLANG_ANALYZER_NUMBER_OBJECT_CONVERSION = YES_AGGRESSIVE;
				CLANG_CXX_LANGUAGE_STANDARD = "gnu++20";
				CLANG_ENABLE_MODULES = YES;
				CLANG_ENABLE_OBJC_ARC = YES;
				CLANG_ENABLE_OBJC_WEAK = YES;
				CLANG_WARN_BLOCK_CAPTURE_AUTORELEASING = YES;
				CLANG_WARN_BOOL_CONVERSION = YES;
				CLANG_WARN_COMMA = YES;
				CLANG_WARN_CONSTANT_CONVERSION = YES;
				CLANG_WARN_DEPRECATED_OBJC_IMPLEMENTATIONS = YES;
				CLANG_WARN_DIRECT_OBJC_ISA_USAGE = YES_ERROR;
				CLANG_WARN_DOCUMENTATION_COMMENTS = YES;
				CLANG_WARN_EMPTY_BODY = YES;
				CLANG_WARN_ENUM_CONVERSION = YES;
				CLANG_WARN_INFINITE_RECURSION = YES;
				CLANG_WARN_INT_CONVERSION = YES;
				CLANG_WARN_NON_LITERAL_NULL_CONVERSION = YES;
				CLANG_WARN_OBJC_IMPLICIT_RETAIN_SELF = YES;
				CLANG_WARN_OBJC_LITERAL_CONVERSION = YES;
				CLANG_WARN_OBJC_ROOT_CLASS = YES_ERROR;
				CLANG_WARN_QUOTED_INCLUDE_IN_FRAMEWORK_HEADER = YES;
				CLANG_WARN_RANGE_LOOP_ANALYSIS = YES;
				CLANG_WARN_STRICT_PROTOTYPES = YES;
				CLANG_WARN_SUSPICIOUS_MOVE = YES;
				CLANG_WARN_UNGUARDED_AVAILABILITY = YES_AGGRESSIVE;
				CLANG_WARN_UNREACHABLE_CODE = YES;
				CLANG_WARN__DUPLICATE_METHOD_MATCH = YES;
				COPY_PHASE_STRIP = NO;
				DEBUG_INFORMATION_FORMAT = dwarf;
				ENABLE_STRICT_OBJC_MSGSEND = YES;
				ENABLE_TESTABILITY = YES;
				ENABLE_USER_SCRIPT_SANDBOXING = YES;
				GCC_C_LANGUAGE_STANDARD = gnu11;
				GCC_DYNAMIC_NO_PIC = NO;
				GCC_NO_COMMON_BLOCKS = YES;
				GCC_OPTIMIZATION_LEVEL = 0;
				GCC_PREPROCESSOR_DEFINITIONS = (
					"DEBUG=1",
					"$(inherited)",
				);
				GCC_WARN_64_TO_32_BIT_CONVERSION = YES;
				GCC_WARN_ABOUT_RETURN_TYPE = YES_ERROR;
				GCC_WARN_UNDECLARED_SELECTOR = YES;
				GCC_WARN_UNINITIALIZED_AUTOS = YES_AGGRESSIVE;
				GCC_WARN_UNUSED_FUNCTION = YES;
				GCC_WARN_UNUSED_VARIABLE = YES;
				IPHONEOS_DEPLOYMENT_TARGET = 14.2;
				MTL_ENABLE_DEBUG_INFO = INCLUDE_SOURCE;
				MTL_FAST_MATH = YES;
				ONLY_ACTIVE_ARCH = YES;
				SDKROOT = iphoneos;
				SWIFT_ACTIVE_COMPILATION_CONDITIONS = DEBUG;
				SWIFT_OPTIMIZATION_LEVEL = "-Onone";
			};
			name = Debug;
		};
		9E283E092BCCFA2100F8E87A /* Release */ = {
			isa = XCBuildConfiguration;
			buildSettings = {
				ALWAYS_SEARCH_USER_PATHS = NO;
				CLANG_ANALYZER_NONNULL = YES;
				CLANG_ANALYZER_NUMBER_OBJECT_CONVERSION = YES_AGGRESSIVE;
				CLANG_CXX_LANGUAGE_STANDARD = "gnu++20";
				CLANG_ENABLE_MODULES = YES;
				CLANG_ENABLE_OBJC_ARC = YES;
				CLANG_ENABLE_OBJC_WEAK = YES;
				CLANG_WARN_BLOCK_CAPTURE_AUTORELEASING = YES;
				CLANG_WARN_BOOL_CONVERSION = YES;
				CLANG_WARN_COMMA = YES;
				CLANG_WARN_CONSTANT_CONVERSION = YES;
				CLANG_WARN_DEPRECATED_OBJC_IMPLEMENTATIONS = YES;
				CLANG_WARN_DIRECT_OBJC_ISA_USAGE = YES_ERROR;
				CLANG_WARN_DOCUMENTATION_COMMENTS = YES;
				CLANG_WARN_EMPTY_BODY = YES;
				CLANG_WARN_ENUM_CONVERSION = YES;
				CLANG_WARN_INFINITE_RECURSION = YES;
				CLANG_WARN_INT_CONVERSION = YES;
				CLANG_WARN_NON_LITERAL_NULL_CONVERSION = YES;
				CLANG_WARN_OBJC_IMPLICIT_RETAIN_SELF = YES;
				CLANG_WARN_OBJC_LITERAL_CONVERSION = YES;
				CLANG_WARN_OBJC_ROOT_CLASS = YES_ERROR;
				CLANG_WARN_QUOTED_INCLUDE_IN_FRAMEWORK_HEADER = YES;
				CLANG_WARN_RANGE_LOOP_ANALYSIS = YES;
				CLANG_WARN_STRICT_PROTOTYPES = YES;
				CLANG_WARN_SUSPICIOUS_MOVE = YES;
				CLANG_WARN_UNGUARDED_AVAILABILITY = YES_AGGRESSIVE;
				CLANG_WARN_UNREACHABLE_CODE = YES;
				CLANG_WARN__DUPLICATE_METHOD_MATCH = YES;
				COPY_PHASE_STRIP = NO;
				DEBUG_INFORMATION_FORMAT = "dwarf-with-dsym";
				ENABLE_NS_ASSERTIONS = NO;
				ENABLE_STRICT_OBJC_MSGSEND = YES;
				ENABLE_USER_SCRIPT_SANDBOXING = YES;
				GCC_C_LANGUAGE_STANDARD = gnu11;
				GCC_NO_COMMON_BLOCKS = YES;
				GCC_WARN_64_TO_32_BIT_CONVERSION = YES;
				GCC_WARN_ABOUT_RETURN_TYPE = YES_ERROR;
				GCC_WARN_UNDECLARED_SELECTOR = YES;
				GCC_WARN_UNINITIALIZED_AUTOS = YES_AGGRESSIVE;
				GCC_WARN_UNUSED_FUNCTION = YES;
				GCC_WARN_UNUSED_VARIABLE = YES;
				IPHONEOS_DEPLOYMENT_TARGET = 14.2;
				MTL_ENABLE_DEBUG_INFO = NO;
				MTL_FAST_MATH = YES;
				SDKROOT = iphoneos;
				SWIFT_COMPILATION_MODE = wholemodule;
				SWIFT_OPTIMIZATION_LEVEL = "-O";
				VALIDATE_PRODUCT = YES;
			};
			name = Release;
		};
		9E283E0B2BCCFA2100F8E87A /* Debug */ = {
			isa = XCBuildConfiguration;
			buildSettings = {
				ASSETCATALOG_COMPILER_APPICON_NAME = AppIcon;
				ASSETCATALOG_COMPILER_GLOBAL_ACCENT_COLOR_NAME = AccentColor;
				CODE_SIGN_STYLE = Automatic;
				CURRENT_PROJECT_VERSION = 1;
				DEVELOPMENT_TEAM = 5Y22TPQB8G;
				GENERATE_INFOPLIST_FILE = YES;
				INFOPLIST_FILE = WebViewTestJS/Info.plist;
				INFOPLIST_KEY_UIApplicationSupportsIndirectInputEvents = YES;
				INFOPLIST_KEY_UILaunchStoryboardName = LaunchScreen;
				INFOPLIST_KEY_UIMainStoryboardFile = Main;
				INFOPLIST_KEY_UISupportedInterfaceOrientations_iPad = "UIInterfaceOrientationPortrait UIInterfaceOrientationPortraitUpsideDown UIInterfaceOrientationLandscapeLeft UIInterfaceOrientationLandscapeRight";
				INFOPLIST_KEY_UISupportedInterfaceOrientations_iPhone = "UIInterfaceOrientationPortrait UIInterfaceOrientationLandscapeLeft UIInterfaceOrientationLandscapeRight";
				IPHONEOS_DEPLOYMENT_TARGET = 14.2;
				LD_RUNPATH_SEARCH_PATHS = (
					"$(inherited)",
					"@executable_path/Frameworks",
				);
				MARKETING_VERSION = 1.0;
				PRODUCT_BUNDLE_IDENTIFIER = com.TestingWeb.WatchYourhealth;
				PRODUCT_NAME = "$(TARGET_NAME)";
				SWIFT_EMIT_LOC_STRINGS = YES;
				SWIFT_VERSION = 5.0;
				TARGETED_DEVICE_FAMILY = "1,2";
			};
			name = Debug;
		};
		9E283E0C2BCCFA2100F8E87A /* Release */ = {
			isa = XCBuildConfiguration;
			buildSettings = {
				ASSETCATALOG_COMPILER_APPICON_NAME = AppIcon;
				ASSETCATALOG_COMPILER_GLOBAL_ACCENT_COLOR_NAME = AccentColor;
				CODE_SIGN_STYLE = Automatic;
				CURRENT_PROJECT_VERSION = 1;
				DEVELOPMENT_TEAM = 5Y22TPQB8G;
				GENERATE_INFOPLIST_FILE = YES;
				INFOPLIST_FILE = WebViewTestJS/Info.plist;
				INFOPLIST_KEY_UIApplicationSupportsIndirectInputEvents = YES;
				INFOPLIST_KEY_UILaunchStoryboardName = LaunchScreen;
				INFOPLIST_KEY_UIMainStoryboardFile = Main;
				INFOPLIST_KEY_UISupportedInterfaceOrientations_iPad = "UIInterfaceOrientationPortrait UIInterfaceOrientationPortraitUpsideDown UIInterfaceOrientationLandscapeLeft UIInterfaceOrientationLandscapeRight";
				INFOPLIST_KEY_UISupportedInterfaceOrientations_iPhone = "UIInterfaceOrientationPortrait UIInterfaceOrientationLandscapeLeft UIInterfaceOrientationLandscapeRight";
				IPHONEOS_DEPLOYMENT_TARGET = 14.2;
				LD_RUNPATH_SEARCH_PATHS = (
					"$(inherited)",
					"@executable_path/Frameworks",
				);
				MARKETING_VERSION = 1.0;
				PRODUCT_BUNDLE_IDENTIFIER = com.TestingWeb.WatchYourhealth;
				PRODUCT_NAME = "$(TARGET_NAME)";
				SWIFT_EMIT_LOC_STRINGS = YES;
				SWIFT_VERSION = 5.0;
				TARGETED_DEVICE_FAMILY = "1,2";
			};
			name = Release;
		};
/* End XCBuildConfiguration section */

/* Begin XCConfigurationList section */
		9E283DF12BCCFA1E00F8E87A /* Build configuration list for PBXProject "WebViewTestJS" */ = {
			isa = XCConfigurationList;
			buildConfigurations = (
				9E283E082BCCFA2100F8E87A /* Debug */,
				9E283E092BCCFA2100F8E87A /* Release */,
			);
			defaultConfigurationIsVisible = 0;
			defaultConfigurationName = Release;
		};
		9E283E0A2BCCFA2100F8E87A /* Build configuration list for PBXNativeTarget "WebViewTestJS" */ = {
			isa = XCConfigurationList;
			buildConfigurations = (
				9E283E0B2BCCFA2100F8E87A /* Debug */,
				9E283E0C2BCCFA2100F8E87A /* Release */,
			);
			defaultConfigurationIsVisible = 0;
			defaultConfigurationName = Release;
		};
/* End XCConfigurationList section */
	};
	rootObject = 9E283DEE2BCCFA1E00F8E87A /* Project object */;
}
